{
  "requires": true,
  "lockfileVersion": 1,
  "dependencies": {
    "tns-platform-declarations": {
      "version": "5.3.2",
      "resolved": "https://registry.npmjs.org/tns-platform-declarations/-/tns-platform-declarations-5.3.2.tgz",
      "integrity": "sha512-H9l54nH4IC4rV9VCl8uApM7xcHBujESVV2gldjZ7iGVPBL5mMk6ieRjLss1DjC122TMKE7R39bltPfnm2FmJxw=="
    }
  }
}
